
Microsoft Visual Studio Solution File, Format Version 12.00
# Visual Studio Version 17
VisualStudioVersion = 17.10.35004.147
MinimumVisualStudioVersion = 10.0.40219.1
Project("{FAE04EC0-301F-11D3-BF4B-00C04F79EFBC}") = "Proyecto", "Proyecto\Proyecto.csproj", "{D41E362B-F5D7-4D6F-9017-3D959B0B2AEC}"
EndProject
Global
	GlobalSection(SolutionConfigurationPlatforms) = preSolution
		Debug|Any CPU = Debug|Any CPU
		Release|Any CPU = Release|Any CPU
	EndGlobalSection
	GlobalSection(ProjectConfigurationPlatforms) = postSolution
		{D41E362B-F5D7-4D6F-9017-3D959B0B2AEC}.Debug|Any CPU.ActiveCfg = Debug|Any CPU
		{D41E362B-F5D7-4D6F-9017-3D959B0B2AEC}.Debug|Any CPU.Build.0 = Debug|Any CPU
		{D41E362B-F5D7-4D6F-9017-3D959B0B2AEC}.Release|Any CPU.ActiveCfg = Release|Any CPU
		{D41E362B-F5D7-4D6F-9017-3D959B0B2AEC}.Release|Any CPU.Build.0 = Release|Any CPU
	EndGlobalSection
	GlobalSection(SolutionProperties) = preSolution
		HideSolutionNode = FALSE
	EndGlobalSection
	GlobalSection(ExtensibilityGlobals) = postSolution
		SolutionGuid = {EFEE738B-8F8C-4074-9B2F-62425A18E873}
	EndGlobalSection
EndGlobal
